
Microsoft Visual Studio Solution File, Format Version 12.00
# Visual Studio 15
VisualStudioVersion = 15.0.28307.421
MinimumVisualStudioVersion = 10.0.40219.1
Project("{9A19103F-16F7-4668-BE54-9A1E7A4F7556}") = "ChefSnacks.Core", "app\ChefSnacks.Core\ChefSnacks.Core.csproj", "{015B9CE0-5069-4DF6-8C15-B7B4EE0127FC}"
EndProject
Project("{9A19103F-16F7-4668-BE54-9A1E7A4F7556}") = "ChefSnacks.Infrastructure", "app\ChefSnacks.Infrastructure\ChefSnacks.Infrastructure.csproj", "{ECB74F1F-2D68-4CC5-9C21-00945199F02E}"
EndProject
Project("{9A19103F-16F7-4668-BE54-9A1E7A4F7556}") = "ChefSnacks.Web", "app\ChefSnacks.Web\ChefSnacks.Web.csproj", "{8848EC3A-B151-4C0B-A3CB-006E05FA4267}"
EndProject
Project("{E53339B2-1760-4266-BCC7-CA923CBCF16C}") = "docker-compose", "docker-compose.dcproj", "{9867EBBE-08B1-43CA-B48A-A8497DC10B04}"
EndProject
Global
	GlobalSection(SolutionConfigurationPlatforms) = preSolution
		Debug|Any CPU = Debug|Any CPU
		Release|Any CPU = Release|Any CPU
	EndGlobalSection
	GlobalSection(ProjectConfigurationPlatforms) = postSolution
		{015B9CE0-5069-4DF6-8C15-B7B4EE0127FC}.Debug|Any CPU.ActiveCfg = Debug|Any CPU
		{015B9CE0-5069-4DF6-8C15-B7B4EE0127FC}.Debug|Any CPU.Build.0 = Debug|Any CPU
		{015B9CE0-5069-4DF6-8C15-B7B4EE0127FC}.Release|Any CPU.ActiveCfg = Release|Any CPU
		{015B9CE0-5069-4DF6-8C15-B7B4EE0127FC}.Release|Any CPU.Build.0 = Release|Any CPU
		{ECB74F1F-2D68-4CC5-9C21-00945199F02E}.Debug|Any CPU.ActiveCfg = Debug|Any CPU
		{ECB74F1F-2D68-4CC5-9C21-00945199F02E}.Debug|Any CPU.Build.0 = Debug|Any CPU
		{ECB74F1F-2D68-4CC5-9C21-00945199F02E}.Release|Any CPU.ActiveCfg = Release|Any CPU
		{ECB74F1F-2D68-4CC5-9C21-00945199F02E}.Release|Any CPU.Build.0 = Release|Any CPU
		{8848EC3A-B151-4C0B-A3CB-006E05FA4267}.Debug|Any CPU.ActiveCfg = Debug|Any CPU
		{8848EC3A-B151-4C0B-A3CB-006E05FA4267}.Debug|Any CPU.Build.0 = Debug|Any CPU
		{8848EC3A-B151-4C0B-A3CB-006E05FA4267}.Release|Any CPU.ActiveCfg = Release|Any CPU
		{8848EC3A-B151-4C0B-A3CB-006E05FA4267}.Release|Any CPU.Build.0 = Release|Any CPU
		{9867EBBE-08B1-43CA-B48A-A8497DC10B04}.Debug|Any CPU.ActiveCfg = Debug|Any CPU
		{9867EBBE-08B1-43CA-B48A-A8497DC10B04}.Debug|Any CPU.Build.0 = Debug|Any CPU
		{9867EBBE-08B1-43CA-B48A-A8497DC10B04}.Release|Any CPU.ActiveCfg = Release|Any CPU
		{9867EBBE-08B1-43CA-B48A-A8497DC10B04}.Release|Any CPU.Build.0 = Release|Any CPU
	EndGlobalSection
	GlobalSection(SolutionProperties) = preSolution
		HideSolutionNode = FALSE
	EndGlobalSection
	GlobalSection(ExtensibilityGlobals) = postSolution
		SolutionGuid = {D01AF657-BC6F-4CCE-84E5-75E026B721BC}
	EndGlobalSection
EndGlobal
